
Microsoft Visual Studio Solution File, Format Version 11.00
# Visual Studio 2010
Project("{2150E333-8FDC-42A3-9474-1A3956D46DE8}") = "Solution Items", "Solution Items", "{7FBEDD12-C39C-4455-B143-28F0CA1CBE79}"
	ProjectSection(SolutionItems) = preProject
		LocalTestRun.testrunconfig = LocalTestRun.testrunconfig
		NZOR.vsmdi = NZOR.vsmdi
	EndProjectSection
EndProject
Project("{FAE04EC0-301F-11D3-BF4B-00C04F79EFBC}") = "Integration", "Integration\Integration.csproj", "{9B5C4FD6-5888-4CAB-9B79-4E9195EDA15C}"
EndProject
Project("{FAE04EC0-301F-11D3-BF4B-00C04F79EFBC}") = "Matching", "Matching\Matching.csproj", "{512E38AB-3407-4299-B2B0-FE31AD7EF5A3}"
EndProject
Project("{FAE04EC0-301F-11D3-BF4B-00C04F79EFBC}") = "Data", "Data\Data.csproj", "{5DC2D3A3-AB31-4055-9BC3-81200C89B915}"
EndProject
Project("{C8D11400-126E-41CD-887F-60BD40844F9E}") = "NZOR_DB", "NZOR_DB\NZOR_DB.dbproj", "{67CBC824-A49E-4E9B-A947-360F3DFE65C3}"
EndProject
Project("{FAE04EC0-301F-11D3-BF4B-00C04F79EFBC}") = "NZORTest", "NZORTest\NZORTest.csproj", "{09F8627F-FBDA-4F65-8060-278C1535B515}"
EndProject
Project("{FAE04EC0-301F-11D3-BF4B-00C04F79EFBC}") = "NZORTestClient", "NZORTestClient\NZORTestClient.csproj", "{2F10BA53-EDFE-4C1C-A528-831658F04FA0}"
EndProject
Project("{FAE04EC0-301F-11D3-BF4B-00C04F79EFBC}") = "NZORConsole", "NZORConsole\NZORConsole.csproj", "{E47D2FBC-1DC8-4E46-9FA0-CDFE04A19F74}"
EndProject
Global
	GlobalSection(TestCaseManagementSettings) = postSolution
		CategoryFile = NZOR.vsmdi
	EndGlobalSection
	GlobalSection(SolutionConfigurationPlatforms) = preSolution
		Debug|Any CPU = Debug|Any CPU
		Debug|Mixed Platforms = Debug|Mixed Platforms
		Debug|x86 = Debug|x86
		Release|Any CPU = Release|Any CPU
		Release|Mixed Platforms = Release|Mixed Platforms
		Release|x86 = Release|x86
	EndGlobalSection
	GlobalSection(ProjectConfigurationPlatforms) = postSolution
		{9B5C4FD6-5888-4CAB-9B79-4E9195EDA15C}.Debug|Any CPU.ActiveCfg = Debug|Any CPU
		{9B5C4FD6-5888-4CAB-9B79-4E9195EDA15C}.Debug|Any CPU.Build.0 = Debug|Any CPU
		{9B5C4FD6-5888-4CAB-9B79-4E9195EDA15C}.Debug|Mixed Platforms.ActiveCfg = Debug|Any CPU
		{9B5C4FD6-5888-4CAB-9B79-4E9195EDA15C}.Debug|Mixed Platforms.Build.0 = Debug|Any CPU
		{9B5C4FD6-5888-4CAB-9B79-4E9195EDA15C}.Debug|x86.ActiveCfg = Debug|Any CPU
		{9B5C4FD6-5888-4CAB-9B79-4E9195EDA15C}.Release|Any CPU.ActiveCfg = Release|Any CPU
		{9B5C4FD6-5888-4CAB-9B79-4E9195EDA15C}.Release|Any CPU.Build.0 = Release|Any CPU
		{9B5C4FD6-5888-4CAB-9B79-4E9195EDA15C}.Release|Mixed Platforms.ActiveCfg = Release|Any CPU
		{9B5C4FD6-5888-4CAB-9B79-4E9195EDA15C}.Release|Mixed Platforms.Build.0 = Release|Any CPU
		{9B5C4FD6-5888-4CAB-9B79-4E9195EDA15C}.Release|x86.ActiveCfg = Release|Any CPU
		{512E38AB-3407-4299-B2B0-FE31AD7EF5A3}.Debug|Any CPU.ActiveCfg = Debug|Any CPU
		{512E38AB-3407-4299-B2B0-FE31AD7EF5A3}.Debug|Any CPU.Build.0 = Debug|Any CPU
		{512E38AB-3407-4299-B2B0-FE31AD7EF5A3}.Debug|Mixed Platforms.ActiveCfg = Debug|Any CPU
		{512E38AB-3407-4299-B2B0-FE31AD7EF5A3}.Debug|Mixed Platforms.Build.0 = Debug|Any CPU
		{512E38AB-3407-4299-B2B0-FE31AD7EF5A3}.Debug|x86.ActiveCfg = Debug|Any CPU
		{512E38AB-3407-4299-B2B0-FE31AD7EF5A3}.Release|Any CPU.ActiveCfg = Release|Any CPU
		{512E38AB-3407-4299-B2B0-FE31AD7EF5A3}.Release|Any CPU.Build.0 = Release|Any CPU
		{512E38AB-3407-4299-B2B0-FE31AD7EF5A3}.Release|Mixed Platforms.ActiveCfg = Release|Any CPU
		{512E38AB-3407-4299-B2B0-FE31AD7EF5A3}.Release|Mixed Platforms.Build.0 = Release|Any CPU
		{512E38AB-3407-4299-B2B0-FE31AD7EF5A3}.Release|x86.ActiveCfg = Release|Any CPU
		{5DC2D3A3-AB31-4055-9BC3-81200C89B915}.Debug|Any CPU.ActiveCfg = Debug|Any CPU
		{5DC2D3A3-AB31-4055-9BC3-81200C89B915}.Debug|Any CPU.Build.0 = Debug|Any CPU
		{5DC2D3A3-AB31-4055-9BC3-81200C89B915}.Debug|Mixed Platforms.ActiveCfg = Debug|Any CPU
		{5DC2D3A3-AB31-4055-9BC3-81200C89B915}.Debug|Mixed Platforms.Build.0 = Debug|Any CPU
		{5DC2D3A3-AB31-4055-9BC3-81200C89B915}.Debug|x86.ActiveCfg = Debug|Any CPU
		{5DC2D3A3-AB31-4055-9BC3-81200C89B915}.Release|Any CPU.ActiveCfg = Release|Any CPU
		{5DC2D3A3-AB31-4055-9BC3-81200C89B915}.Release|Any CPU.Build.0 = Release|Any CPU
		{5DC2D3A3-AB31-4055-9BC3-81200C89B915}.Release|Mixed Platforms.ActiveCfg = Release|Any CPU
		{5DC2D3A3-AB31-4055-9BC3-81200C89B915}.Release|Mixed Platforms.Build.0 = Release|Any CPU
		{5DC2D3A3-AB31-4055-9BC3-81200C89B915}.Release|x86.ActiveCfg = Release|Any CPU
		{67CBC824-A49E-4E9B-A947-360F3DFE65C3}.Debug|Any CPU.ActiveCfg = Debug|Any CPU
		{67CBC824-A49E-4E9B-A947-360F3DFE65C3}.Debug|Mixed Platforms.ActiveCfg = Debug|Any CPU
		{67CBC824-A49E-4E9B-A947-360F3DFE65C3}.Debug|Mixed Platforms.Build.0 = Debug|Any CPU
		{67CBC824-A49E-4E9B-A947-360F3DFE65C3}.Debug|Mixed Platforms.Deploy.0 = Debug|Any CPU
		{67CBC824-A49E-4E9B-A947-360F3DFE65C3}.Debug|x86.ActiveCfg = Debug|Any CPU
		{67CBC824-A49E-4E9B-A947-360F3DFE65C3}.Release|Any CPU.ActiveCfg = Release|Any CPU
		{67CBC824-A49E-4E9B-A947-360F3DFE65C3}.Release|Mixed Platforms.ActiveCfg = Release|Any CPU
		{67CBC824-A49E-4E9B-A947-360F3DFE65C3}.Release|Mixed Platforms.Build.0 = Release|Any CPU
		{67CBC824-A49E-4E9B-A947-360F3DFE65C3}.Release|Mixed Platforms.Deploy.0 = Release|Any CPU
		{67CBC824-A49E-4E9B-A947-360F3DFE65C3}.Release|x86.ActiveCfg = Release|Any CPU
		{09F8627F-FBDA-4F65-8060-278C1535B515}.Debug|Any CPU.ActiveCfg = Debug|Any CPU
		{09F8627F-FBDA-4F65-8060-278C1535B515}.Debug|Any CPU.Build.0 = Debug|Any CPU
		{09F8627F-FBDA-4F65-8060-278C1535B515}.Debug|Mixed Platforms.ActiveCfg = Debug|Any CPU
		{09F8627F-FBDA-4F65-8060-278C1535B515}.Debug|Mixed Platforms.Build.0 = Debug|Any CPU
		{09F8627F-FBDA-4F65-8060-278C1535B515}.Debug|x86.ActiveCfg = Debug|Any CPU
		{09F8627F-FBDA-4F65-8060-278C1535B515}.Release|Any CPU.ActiveCfg = Release|Any CPU
		{09F8627F-FBDA-4F65-8060-278C1535B515}.Release|Any CPU.Build.0 = Release|Any CPU
		{09F8627F-FBDA-4F65-8060-278C1535B515}.Release|Mixed Platforms.ActiveCfg = Release|Any CPU
		{09F8627F-FBDA-4F65-8060-278C1535B515}.Release|Mixed Platforms.Build.0 = Release|Any CPU
		{09F8627F-FBDA-4F65-8060-278C1535B515}.Release|x86.ActiveCfg = Release|Any CPU
		{2F10BA53-EDFE-4C1C-A528-831658F04FA0}.Debug|Any CPU.ActiveCfg = Debug|Any CPU
		{2F10BA53-EDFE-4C1C-A528-831658F04FA0}.Debug|Any CPU.Build.0 = Debug|Any CPU
		{2F10BA53-EDFE-4C1C-A528-831658F04FA0}.Debug|Mixed Platforms.ActiveCfg = Debug|Any CPU
		{2F10BA53-EDFE-4C1C-A528-831658F04FA0}.Debug|Mixed Platforms.Build.0 = Debug|Any CPU
		{2F10BA53-EDFE-4C1C-A528-831658F04FA0}.Debug|x86.ActiveCfg = Debug|Any CPU
		{2F10BA53-EDFE-4C1C-A528-831658F04FA0}.Release|Any CPU.ActiveCfg = Release|Any CPU
		{2F10BA53-EDFE-4C1C-A528-831658F04FA0}.Release|Any CPU.Build.0 = Release|Any CPU
		{2F10BA53-EDFE-4C1C-A528-831658F04FA0}.Release|Mixed Platforms.ActiveCfg = Release|Any CPU
		{2F10BA53-EDFE-4C1C-A528-831658F04FA0}.Release|Mixed Platforms.Build.0 = Release|Any CPU
		{2F10BA53-EDFE-4C1C-A528-831658F04FA0}.Release|x86.ActiveCfg = Release|Any CPU
		{E47D2FBC-1DC8-4E46-9FA0-CDFE04A19F74}.Debug|Any CPU.ActiveCfg = Debug|x86
		{E47D2FBC-1DC8-4E46-9FA0-CDFE04A19F74}.Debug|Any CPU.Build.0 = Debug|x86
		{E47D2FBC-1DC8-4E46-9FA0-CDFE04A19F74}.Debug|Mixed Platforms.ActiveCfg = Debug|x86
		{E47D2FBC-1DC8-4E46-9FA0-CDFE04A19F74}.Debug|Mixed Platforms.Build.0 = Debug|x86
		{E47D2FBC-1DC8-4E46-9FA0-CDFE04A19F74}.Debug|x86.ActiveCfg = Debug|x86
		{E47D2FBC-1DC8-4E46-9FA0-CDFE04A19F74}.Debug|x86.Build.0 = Debug|x86
		{E47D2FBC-1DC8-4E46-9FA0-CDFE04A19F74}.Release|Any CPU.ActiveCfg = Release|x86
		{E47D2FBC-1DC8-4E46-9FA0-CDFE04A19F74}.Release|Mixed Platforms.ActiveCfg = Release|x86
		{E47D2FBC-1DC8-4E46-9FA0-CDFE04A19F74}.Release|Mixed Platforms.Build.0 = Release|x86
		{E47D2FBC-1DC8-4E46-9FA0-CDFE04A19F74}.Release|x86.ActiveCfg = Release|x86
		{E47D2FBC-1DC8-4E46-9FA0-CDFE04A19F74}.Release|x86.Build.0 = Release|x86
	EndGlobalSection
	GlobalSection(SolutionProperties) = preSolution
		HideSolutionNode = FALSE
	EndGlobalSection
EndGlobal
