
Microsoft Visual Studio Solution File, Format Version 11.00
# Visual Studio 2010
Project("{F184B08F-C81C-45F6-A57F-5ABD9991F28F}") = "NZORAdminWeb", "NZORAdminWeb\NZORAdminWeb.vbproj", "{51CB426A-3BB0-46E9-9CDB-706D437E6F2C}"
EndProject
Project("{F184B08F-C81C-45F6-A57F-5ABD9991F28F}") = "NZORAdminWeb.Tests", "NZORAdminWeb.Tests\NZORAdminWeb.Tests.vbproj", "{1CCEDD0D-7C11-438C-A903-AEDAC047ACBE}"
EndProject
Project("{F184B08F-C81C-45F6-A57F-5ABD9991F28F}") = "AdminData", "AdminData\AdminData.vbproj", "{95647AE3-419F-443C-9100-4AF68B49ABA6}"
EndProject
Global
	GlobalSection(SolutionConfigurationPlatforms) = preSolution
		Debug|Any CPU = Debug|Any CPU
		Release|Any CPU = Release|Any CPU
	EndGlobalSection
	GlobalSection(ProjectConfigurationPlatforms) = postSolution
		{51CB426A-3BB0-46E9-9CDB-706D437E6F2C}.Debug|Any CPU.ActiveCfg = Debug|Any CPU
		{51CB426A-3BB0-46E9-9CDB-706D437E6F2C}.Debug|Any CPU.Build.0 = Debug|Any CPU
		{51CB426A-3BB0-46E9-9CDB-706D437E6F2C}.Release|Any CPU.ActiveCfg = Release|Any CPU
		{51CB426A-3BB0-46E9-9CDB-706D437E6F2C}.Release|Any CPU.Build.0 = Release|Any CPU
		{1CCEDD0D-7C11-438C-A903-AEDAC047ACBE}.Debug|Any CPU.ActiveCfg = Debug|Any CPU
		{1CCEDD0D-7C11-438C-A903-AEDAC047ACBE}.Debug|Any CPU.Build.0 = Debug|Any CPU
		{1CCEDD0D-7C11-438C-A903-AEDAC047ACBE}.Release|Any CPU.ActiveCfg = Release|Any CPU
		{1CCEDD0D-7C11-438C-A903-AEDAC047ACBE}.Release|Any CPU.Build.0 = Release|Any CPU
		{95647AE3-419F-443C-9100-4AF68B49ABA6}.Debug|Any CPU.ActiveCfg = Debug|Any CPU
		{95647AE3-419F-443C-9100-4AF68B49ABA6}.Debug|Any CPU.Build.0 = Debug|Any CPU
		{95647AE3-419F-443C-9100-4AF68B49ABA6}.Release|Any CPU.ActiveCfg = Release|Any CPU
		{95647AE3-419F-443C-9100-4AF68B49ABA6}.Release|Any CPU.Build.0 = Release|Any CPU
	EndGlobalSection
	GlobalSection(SolutionProperties) = preSolution
		HideSolutionNode = FALSE
	EndGlobalSection
EndGlobal
